
Microsoft Visual Studio Solution File, Format Version 12.00
# Visual Studio Version 17
VisualStudioVersion = 17.9.34728.123
MinimumVisualStudioVersion = 10.0.40219.1
Project("{FAE04EC0-301F-11D3-BF4B-00C04F79EFBC}") = "API", "API\API.csproj", "{1AF468FC-CF3A-4131-8306-8B12BAA84E4E}"
EndProject
Project("{FAE04EC0-301F-11D3-BF4B-00C04F79EFBC}") = "WEB", "WEB\WEB.csproj", "{E605A0E6-880F-4403-83E5-7392C52FC64C}"
EndProject
Global
	GlobalSection(SolutionConfigurationPlatforms) = preSolution
		Debug|Any CPU = Debug|Any CPU
		Release|Any CPU = Release|Any CPU
	EndGlobalSection
	GlobalSection(ProjectConfigurationPlatforms) = postSolution
		{1AF468FC-CF3A-4131-8306-8B12BAA84E4E}.Debug|Any CPU.ActiveCfg = Debug|Any CPU
		{1AF468FC-CF3A-4131-8306-8B12BAA84E4E}.Debug|Any CPU.Build.0 = Debug|Any CPU
		{1AF468FC-CF3A-4131-8306-8B12BAA84E4E}.Release|Any CPU.ActiveCfg = Release|Any CPU
		{1AF468FC-CF3A-4131-8306-8B12BAA84E4E}.Release|Any CPU.Build.0 = Release|Any CPU
		{E605A0E6-880F-4403-83E5-7392C52FC64C}.Debug|Any CPU.ActiveCfg = Debug|Any CPU
		{E605A0E6-880F-4403-83E5-7392C52FC64C}.Debug|Any CPU.Build.0 = Debug|Any CPU
		{E605A0E6-880F-4403-83E5-7392C52FC64C}.Release|Any CPU.ActiveCfg = Release|Any CPU
		{E605A0E6-880F-4403-83E5-7392C52FC64C}.Release|Any CPU.Build.0 = Release|Any CPU
	EndGlobalSection
	GlobalSection(SolutionProperties) = preSolution
		HideSolutionNode = FALSE
	EndGlobalSection
	GlobalSection(ExtensibilityGlobals) = postSolution
		SolutionGuid = {30D69BCB-6718-403E-B291-D43CA0095C8E}
	EndGlobalSection
EndGlobal
